
Microsoft Visual Studio Solution File, Format Version 12.00
# Visual Studio Version 17
VisualStudioVersion = 17.9.34622.214
MinimumVisualStudioVersion = 10.0.40219.1
Project("{FAE04EC0-301F-11D3-BF4B-00C04F79EFBC}") = "P6Assets20241_CamiloR", "P6Assets20241_CamiloR\P6Assets20241_CamiloR.csproj", "{05B32509-2484-46E1-B6E2-152D4A8801E2}"
EndProject
Global
	GlobalSection(SolutionConfigurationPlatforms) = preSolution
		Debug|Any CPU = Debug|Any CPU
		Release|Any CPU = Release|Any CPU
	EndGlobalSection
	GlobalSection(ProjectConfigurationPlatforms) = postSolution
		{05B32509-2484-46E1-B6E2-152D4A8801E2}.Debug|Any CPU.ActiveCfg = Debug|Any CPU
		{05B32509-2484-46E1-B6E2-152D4A8801E2}.Debug|Any CPU.Build.0 = Debug|Any CPU
		{05B32509-2484-46E1-B6E2-152D4A8801E2}.Debug|Any CPU.Deploy.0 = Debug|Any CPU
		{05B32509-2484-46E1-B6E2-152D4A8801E2}.Release|Any CPU.ActiveCfg = Release|Any CPU
		{05B32509-2484-46E1-B6E2-152D4A8801E2}.Release|Any CPU.Build.0 = Release|Any CPU
		{05B32509-2484-46E1-B6E2-152D4A8801E2}.Release|Any CPU.Deploy.0 = Release|Any CPU
	EndGlobalSection
	GlobalSection(SolutionProperties) = preSolution
		HideSolutionNode = FALSE
	EndGlobalSection
	GlobalSection(ExtensibilityGlobals) = postSolution
		SolutionGuid = {AB250F67-D3D1-4AE1-94DE-3A172A6053DB}
	EndGlobalSection
EndGlobal
